{
  "version": 4,
  "terraform_version": "1.2.5",
  "serial": 116,
  "lineage": "f4f5fda2-f781-3aff-408c-5957644762a3",
  "outputs": {
    "terra_alb_dns": {
      "value": "terra-alb-1257348970.ap-south-1.elb.amazonaws.com",
      "type": "string"
    },
    "terraform_vpc_id": {
      "value": "vpc-0eebb0794747f4daf",
      "type": "string"
    }
  },
  "resources": [
    {
      "mode": "managed",
      "type": "aws_ami_from_instance",
      "name": "terra_ami",
      "provider": "provider[\"registry.terraform.io/hashicorp/aws\"]",
      "instances": [
        {
          "schema_version": 0,
          "attributes": {
            "architecture": "x86_64",
            "arn": "arn:aws:ec2:ap-south-1::image/ami-070acd53b67b60e25",
            "boot_mode": "",
            "deprecation_time": "",
            "description": "",
            "ebs_block_device": [
              {
                "delete_on_termination": true,
                "device_name": "/dev/xvda",
                "encrypted": false,
                "iops": 0,
                "outpost_arn": "",
                "snapshot_id": "snap-06ec2a08fe2327d77",
                "throughput": 0,
                "volume_size": 8,
                "volume_type": "gp2"
              }
            ],
            "ena_support": true,
            "ephemeral_block_device": [],
            "hypervisor": "xen",
            "id": "ami-070acd53b67b60e25",
            "image_location": "652044033816/terra_ami",
            "image_owner_alias": "",
            "image_type": "machine",
            "kernel_id": "",
            "manage_ebs_snapshots": true,
            "name": "terra_ami",
            "owner_id": "652044033816",
            "platform": "",
            "platform_details": "Linux/UNIX",
            "public": false,
            "ramdisk_id": "",
            "root_device_name": "/dev/xvda",
            "root_snapshot_id": "snap-06ec2a08fe2327d77",
            "snapshot_without_reboot": null,
            "source_instance_id": "i-08df16d078f8c3dc5",
            "sriov_net_support": "simple",
            "tags": {
              "Name": "Terra_AMI"
            },
            "tags_all": {
              "Name": "Terra_AMI"
            },
            "timeouts": null,
            "tpm_support": "",
            "usage_operation": "RunInstances",
            "virtualization_type": "hvm"
          },
          "sensitive_attributes": [],
          "private": "eyJlMmJmYjczMC1lY2FhLTExZTYtOGY4OC0zNDM2M2JjN2M0YzAiOnsiY3JlYXRlIjoyNDAwMDAwMDAwMDAwLCJkZWxldGUiOjU0MDAwMDAwMDAwMDAsInVwZGF0ZSI6MjQwMDAwMDAwMDAwMH19",
          "dependencies": [
            "aws_instance.terra_ec2_for_ami",
            "aws_security_group.terra_sg",
            "aws_subnet.autoscaling_ws_sub_1",
            "aws_vpc.terra_autoscalingwebserver_vpc"
          ]
        }
      ]
    },
    {
      "mode": "managed",
      "type": "aws_autoscaling_group",
      "name": "terra_asg",
      "provider": "provider[\"registry.terraform.io/hashicorp/aws\"]",
      "instances": [
        {
          "schema_version": 0,
          "attributes": {
            "arn": "arn:aws:autoscaling:ap-south-1:652044033816:autoScalingGroup:984d812c-c438-4025-99f1-341027399203:autoScalingGroupName/terra_asg",
            "availability_zones": [
              "ap-south-1a",
              "ap-south-1b"
            ],
            "capacity_rebalance": false,
            "context": "",
            "default_cooldown": 300,
            "default_instance_warmup": 0,
            "desired_capacity": 2,
            "enabled_metrics": [
              "GroupDesiredCapacity",
              "GroupInServiceInstances",
              "GroupMaxSize",
              "GroupMinSize",
              "GroupTotalInstances"
            ],
            "force_delete": false,
            "force_delete_warm_pool": false,
            "health_check_grace_period": 30,
            "health_check_type": "ELB",
            "id": "terra_asg",
            "initial_lifecycle_hook": [],
            "instance_refresh": [],
            "launch_configuration": "",
            "launch_template": [
              {
                "id": "lt-0800ce3dbb0aa63e5",
                "name": "terra_lt",
                "version": "$Latest"
              }
            ],
            "load_balancers": null,
            "max_instance_lifetime": 0,
            "max_size": 4,
            "metrics_granularity": "1Minute",
            "min_elb_capacity": null,
            "min_size": 1,
            "mixed_instances_policy": [],
            "name": "terra_asg",
            "name_prefix": "",
            "placement_group": "",
            "protect_from_scale_in": false,
            "service_linked_role_arn": "arn:aws:iam::652044033816:role/aws-service-role/autoscaling.amazonaws.com/AWSServiceRoleForAutoScaling",
            "suspended_processes": null,
            "tag": [
              {
                "key": "Name",
                "propagate_at_launch": true,
                "value": "Terra_asg"
              }
            ],
            "tags": null,
            "target_group_arns": [
              "arn:aws:elasticloadbalancing:ap-south-1:652044033816:targetgroup/terra-alb-target-grp/239384c474f7df8f"
            ],
            "termination_policies": null,
            "timeouts": null,
            "vpc_zone_identifier": [
              "subnet-0d44d377b085357bc",
              "subnet-0eac8e4a31bf02c5f"
            ],
            "wait_for_capacity_timeout": "10m",
            "wait_for_elb_capacity": null,
            "warm_pool": []
          },
          "sensitive_attributes": [],
          "private": "eyJlMmJmYjczMC1lY2FhLTExZTYtOGY4OC0zNDM2M2JjN2M0YzAiOnsiZGVsZXRlIjo2MDAwMDAwMDAwMDAsInVwZGF0ZSI6NjAwMDAwMDAwMDAwfX0=",
          "dependencies": [
            "aws_ami_from_instance.terra_ami",
            "aws_instance.terra_ec2_for_ami",
            "aws_launch_template.terra_lt",
            "aws_lb_target_group.terra_alb_target_grp",
            "aws_security_group.terra_sg",
            "aws_subnet.autoscaling_ws_sub_1",
            "aws_subnet.autoscaling_ws_sub_2",
            "aws_vpc.terra_autoscalingwebserver_vpc"
          ]
        }
      ]
    },
    {
      "mode": "managed",
      "type": "aws_autoscaling_policy",
      "name": "terra_scaledown",
      "provider": "provider[\"registry.terraform.io/hashicorp/aws\"]",
      "instances": [
        {
          "schema_version": 0,
          "attributes": {
            "adjustment_type": "ChangeInCapacity",
            "arn": "arn:aws:autoscaling:ap-south-1:652044033816:scalingPolicy:8b1dd2f0-43a5-4809-8633-2c66a00a3d5a:autoScalingGroupName/terra_asg:policyName/terra_scaledown",
            "autoscaling_group_name": "terra_asg",
            "cooldown": 30,
            "enabled": true,
            "estimated_instance_warmup": 0,
            "id": "terra_scaledown",
            "metric_aggregation_type": "",
            "min_adjustment_magnitude": null,
            "name": "terra_scaledown",
            "policy_type": "SimpleScaling",
            "predictive_scaling_configuration": [],
            "scaling_adjustment": -1,
            "step_adjustment": [],
            "target_tracking_configuration": []
          },
          "sensitive_attributes": [],
          "private": "bnVsbA==",
          "dependencies": [
            "aws_ami_from_instance.terra_ami",
            "aws_autoscaling_group.terra_asg",
            "aws_instance.terra_ec2_for_ami",
            "aws_launch_template.terra_lt",
            "aws_lb_target_group.terra_alb_target_grp",
            "aws_security_group.terra_sg",
            "aws_subnet.autoscaling_ws_sub_1",
            "aws_subnet.autoscaling_ws_sub_2",
            "aws_vpc.terra_autoscalingwebserver_vpc"
          ]
        }
      ]
    },
    {
      "mode": "managed",
      "type": "aws_autoscaling_policy",
      "name": "terra_scaleup",
      "provider": "provider[\"registry.terraform.io/hashicorp/aws\"]",
      "instances": [
        {
          "schema_version": 0,
          "attributes": {
            "adjustment_type": "ChangeInCapacity",
            "arn": "arn:aws:autoscaling:ap-south-1:652044033816:scalingPolicy:3f94fedd-bbc9-4e64-939b-6a8f4ce6fdc6:autoScalingGroupName/terra_asg:policyName/terra_scaleup",
            "autoscaling_group_name": "terra_asg",
            "cooldown": 30,
            "enabled": true,
            "estimated_instance_warmup": 0,
            "id": "terra_scaleup",
            "metric_aggregation_type": "",
            "min_adjustment_magnitude": null,
            "name": "terra_scaleup",
            "policy_type": "SimpleScaling",
            "predictive_scaling_configuration": [],
            "scaling_adjustment": 1,
            "step_adjustment": [],
            "target_tracking_configuration": []
          },
          "sensitive_attributes": [],
          "private": "bnVsbA==",
          "dependencies": [
            "aws_ami_from_instance.terra_ami",
            "aws_autoscaling_group.terra_asg",
            "aws_instance.terra_ec2_for_ami",
            "aws_launch_template.terra_lt",
            "aws_lb_target_group.terra_alb_target_grp",
            "aws_security_group.terra_sg",
            "aws_subnet.autoscaling_ws_sub_1",
            "aws_subnet.autoscaling_ws_sub_2",
            "aws_vpc.terra_autoscalingwebserver_vpc"
          ]
        }
      ]
    },
    {
      "mode": "managed",
      "type": "aws_cloudwatch_metric_alarm",
      "name": "terra_scaledown_alarm",
      "provider": "provider[\"registry.terraform.io/hashicorp/aws\"]",
      "instances": [
        {
          "schema_version": 1,
          "attributes": {
            "actions_enabled": true,
            "alarm_actions": [
              "arn:aws:autoscaling:ap-south-1:652044033816:scalingPolicy:8b1dd2f0-43a5-4809-8633-2c66a00a3d5a:autoScalingGroupName/terra_asg:policyName/terra_scaledown"
            ],
            "alarm_description": "Trigger when recieve less that 100 requests in 60 sec for alb",
            "alarm_name": "terra_scaledown_alarm",
            "arn": "arn:aws:cloudwatch:ap-south-1:652044033816:alarm:terra_scaledown_alarm",
            "comparison_operator": "LessThanOrEqualToThreshold",
            "datapoints_to_alarm": 0,
            "dimensions": {
              "LoadBalancer": "app/terra-alb/a9fea3d7ac2cb385",
              "TargetGroup": "targetgroup/terra-alb-target-grp/239384c474f7df8f"
            },
            "evaluate_low_sample_count_percentiles": "",
            "evaluation_periods": 1,
            "extended_statistic": "",
            "id": "terra_scaledown_alarm",
            "insufficient_data_actions": null,
            "metric_name": "RequestCountPerTarget",
            "metric_query": [],
            "namespace": "AWS/ApplicationELB",
            "ok_actions": null,
            "period": 60,
            "statistic": "Sum",
            "tags": null,
            "tags_all": {},
            "threshold": 100,
            "threshold_metric_id": "",
            "treat_missing_data": "missing",
            "unit": ""
          },
          "sensitive_attributes": [],
          "private": "eyJzY2hlbWFfdmVyc2lvbiI6IjEifQ==",
          "dependencies": [
            "aws_ami_from_instance.terra_ami",
            "aws_autoscaling_group.terra_asg",
            "aws_autoscaling_policy.terra_scaledown",
            "aws_instance.terra_ec2_for_ami",
            "aws_launch_template.terra_lt",
            "aws_lb.terra_alb",
            "aws_lb_target_group.terra_alb_target_grp",
            "aws_security_group.terra_alb_http",
            "aws_security_group.terra_sg",
            "aws_subnet.autoscaling_ws_sub_1",
            "aws_subnet.autoscaling_ws_sub_2",
            "aws_vpc.terra_autoscalingwebserver_vpc"
          ]
        }
      ]
    },
    {
      "mode": "managed",
      "type": "aws_cloudwatch_metric_alarm",
      "name": "terra_scaleup_alarm",
      "provider": "provider[\"registry.terraform.io/hashicorp/aws\"]",
      "instances": [
        {
          "schema_version": 1,
          "attributes": {
            "actions_enabled": true,
            "alarm_actions": [
              "arn:aws:autoscaling:ap-south-1:652044033816:scalingPolicy:3f94fedd-bbc9-4e64-939b-6a8f4ce6fdc6:autoScalingGroupName/terra_asg:policyName/terra_scaleup"
            ],
            "alarm_description": "Trigger when recieve more that 100 requests in 60 sec for alb",
            "alarm_name": "terra_scaleup_alarm",
            "arn": "arn:aws:cloudwatch:ap-south-1:652044033816:alarm:terra_scaleup_alarm",
            "comparison_operator": "GreaterThanOrEqualToThreshold",
            "datapoints_to_alarm": 0,
            "dimensions": {
              "LoadBalancer": "app/terra-alb/a9fea3d7ac2cb385",
              "TargetGroup": "targetgroup/terra-alb-target-grp/239384c474f7df8f"
            },
            "evaluate_low_sample_count_percentiles": "",
            "evaluation_periods": 1,
            "extended_statistic": "",
            "id": "terra_scaleup_alarm",
            "insufficient_data_actions": null,
            "metric_name": "RequestCountPerTarget",
            "metric_query": [],
            "namespace": "AWS/ApplicationELB",
            "ok_actions": null,
            "period": 60,
            "statistic": "Sum",
            "tags": null,
            "tags_all": {},
            "threshold": 100,
            "threshold_metric_id": "",
            "treat_missing_data": "missing",
            "unit": ""
          },
          "sensitive_attributes": [],
          "private": "eyJzY2hlbWFfdmVyc2lvbiI6IjEifQ==",
          "dependencies": [
            "aws_ami_from_instance.terra_ami",
            "aws_autoscaling_group.terra_asg",
            "aws_autoscaling_policy.terra_scaleup",
            "aws_instance.terra_ec2_for_ami",
            "aws_launch_template.terra_lt",
            "aws_lb.terra_alb",
            "aws_lb_target_group.terra_alb_target_grp",
            "aws_security_group.terra_alb_http",
            "aws_security_group.terra_sg",
            "aws_subnet.autoscaling_ws_sub_1",
            "aws_subnet.autoscaling_ws_sub_2",
            "aws_vpc.terra_autoscalingwebserver_vpc"
          ]
        }
      ]
    },
    {
      "mode": "managed",
      "type": "aws_instance",
      "name": "terra_ec2_for_ami",
      "provider": "provider[\"registry.terraform.io/hashicorp/aws\"]",
      "instances": [
        {
          "schema_version": 1,
          "attributes": {
            "ami": "ami-08df646e18b182346",
            "arn": "arn:aws:ec2:ap-south-1:652044033816:instance/i-08df16d078f8c3dc5",
            "associate_public_ip_address": true,
            "availability_zone": "ap-south-1a",
            "capacity_reservation_specification": [
              {
                "capacity_reservation_preference": "open",
                "capacity_reservation_target": []
              }
            ],
            "cpu_core_count": 1,
            "cpu_threads_per_core": 1,
            "credit_specification": [
              {
                "cpu_credits": "standard"
              }
            ],
            "disable_api_stop": false,
            "disable_api_termination": false,
            "ebs_block_device": [],
            "ebs_optimized": false,
            "enclave_options": [
              {
                "enabled": false
              }
            ],
            "ephemeral_block_device": [],
            "get_password_data": false,
            "hibernation": false,
            "host_id": null,
            "iam_instance_profile": "",
            "id": "i-08df16d078f8c3dc5",
            "instance_initiated_shutdown_behavior": "stop",
            "instance_state": "running",
            "instance_type": "t2.micro",
            "ipv6_address_count": 0,
            "ipv6_addresses": [],
            "key_name": "AWS_AMI",
            "launch_template": [],
            "maintenance_options": [
              {
                "auto_recovery": "default"
              }
            ],
            "metadata_options": [
              {
                "http_endpoint": "enabled",
                "http_put_response_hop_limit": 1,
                "http_tokens": "optional",
                "instance_metadata_tags": "disabled"
              }
            ],
            "monitoring": false,
            "network_interface": [],
            "outpost_arn": "",
            "password_data": "",
            "placement_group": "",
            "placement_partition_number": null,
            "primary_network_interface_id": "eni-05aa4dd23aa4f7573",
            "private_dns": "ip-11-0-0-100.ap-south-1.compute.internal",
            "private_dns_name_options": [
              {
                "enable_resource_name_dns_a_record": false,
                "enable_resource_name_dns_aaaa_record": false,
                "hostname_type": "ip-name"
              }
            ],
            "private_ip": "11.0.0.100",
            "public_dns": "",
            "public_ip": "43.205.129.45",
            "root_block_device": [
              {
                "delete_on_termination": true,
                "device_name": "/dev/xvda",
                "encrypted": false,
                "iops": 100,
                "kms_key_id": "",
                "tags": {},
                "throughput": 0,
                "volume_id": "vol-0d6866f2c4a2e0a4f",
                "volume_size": 8,
                "volume_type": "gp2"
              }
            ],
            "secondary_private_ips": [],
            "security_groups": [
              "sg-04a6ab354c2177460"
            ],
            "source_dest_check": true,
            "subnet_id": "subnet-0eac8e4a31bf02c5f",
            "tags": {
              "Name": "Terra_ec2"
            },
            "tags_all": {
              "Name": "Terra_ec2"
            },
            "tenancy": "default",
            "timeouts": null,
            "user_data": "0f6884cf7d4786509c4b2c363b14320954f6b3c0",
            "user_data_base64": null,
            "user_data_replace_on_change": false,
            "volume_tags": null,
            "vpc_security_group_ids": [
              "sg-04a6ab354c2177460"
            ]
          },
          "sensitive_attributes": [],
          "private": "eyJlMmJmYjczMC1lY2FhLTExZTYtOGY4OC0zNDM2M2JjN2M0YzAiOnsiY3JlYXRlIjo2MDAwMDAwMDAwMDAsImRlbGV0ZSI6MTIwMDAwMDAwMDAwMCwidXBkYXRlIjo2MDAwMDAwMDAwMDB9LCJzY2hlbWFfdmVyc2lvbiI6IjEifQ==",
          "dependencies": [
            "aws_security_group.terra_sg",
            "aws_subnet.autoscaling_ws_sub_1",
            "aws_vpc.terra_autoscalingwebserver_vpc"
          ]
        }
      ]
    },
    {
      "mode": "managed",
      "type": "aws_internet_gateway",
      "name": "autoscaling_igw",
      "provider": "provider[\"registry.terraform.io/hashicorp/aws\"]",
      "instances": [
        {
          "schema_version": 0,
          "attributes": {
            "arn": "arn:aws:ec2:ap-south-1:652044033816:internet-gateway/igw-0957c88b02785fedc",
            "id": "igw-0957c88b02785fedc",
            "owner_id": "652044033816",
            "tags": {
              "Name": "Internet Gateway"
            },
            "tags_all": {
              "Name": "Internet Gateway"
            },
            "vpc_id": "vpc-0eebb0794747f4daf"
          },
          "sensitive_attributes": [],
          "private": "bnVsbA==",
          "dependencies": [
            "aws_vpc.terra_autoscalingwebserver_vpc"
          ]
        }
      ]
    },
    {
      "mode": "managed",
      "type": "aws_launch_template",
      "name": "terra_lt",
      "provider": "provider[\"registry.terraform.io/hashicorp/aws\"]",
      "instances": [
        {
          "schema_version": 0,
          "attributes": {
            "arn": "arn:aws:ec2:ap-south-1:652044033816:launch-template/lt-0800ce3dbb0aa63e5",
            "block_device_mappings": [],
            "capacity_reservation_specification": [],
            "cpu_options": [],
            "credit_specification": [],
            "default_version": 1,
            "description": "",
            "disable_api_stop": false,
            "disable_api_termination": false,
            "ebs_optimized": "",
            "elastic_gpu_specifications": [],
            "elastic_inference_accelerator": [],
            "enclave_options": [],
            "hibernation_options": [],
            "iam_instance_profile": [],
            "id": "lt-0800ce3dbb0aa63e5",
            "image_id": "ami-070acd53b67b60e25",
            "instance_initiated_shutdown_behavior": "",
            "instance_market_options": [],
            "instance_requirements": [],
            "instance_type": "t2.micro",
            "kernel_id": "",
            "key_name": "AWS_AMI",
            "latest_version": 1,
            "license_specification": [],
            "maintenance_options": [],
            "metadata_options": [],
            "monitoring": [],
            "name": "terra_lt",
            "name_prefix": "",
            "network_interfaces": [
              {
                "associate_carrier_ip_address": "",
                "associate_public_ip_address": "true",
                "delete_on_termination": "",
                "description": "",
                "device_index": 0,
                "interface_type": "",
                "ipv4_address_count": 0,
                "ipv4_addresses": null,
                "ipv4_prefix_count": 0,
                "ipv4_prefixes": null,
                "ipv6_address_count": 0,
                "ipv6_addresses": null,
                "ipv6_prefix_count": 0,
                "ipv6_prefixes": null,
                "network_card_index": 0,
                "network_interface_id": "",
                "private_ip_address": "",
                "security_groups": [
                  "sg-04a6ab354c2177460"
                ],
                "subnet_id": ""
              }
            ],
            "placement": [],
            "private_dns_name_options": [],
            "ram_disk_id": "",
            "security_group_names": null,
            "tag_specifications": [],
            "tags": {
              "Name": "terra_lt"
            },
            "tags_all": {
              "Name": "terra_lt"
            },
            "update_default_version": null,
            "user_data": "IyEvYmluL2Jhc2gKZWNobyAiJChob3N0bmFtZSAtZikiID4gL3Zhci93d3cvaHRtbC9pcC50eHQK",
            "vpc_security_group_ids": null
          },
          "sensitive_attributes": [],
          "private": "bnVsbA==",
          "dependencies": [
            "aws_ami_from_instance.terra_ami",
            "aws_instance.terra_ec2_for_ami",
            "aws_security_group.terra_sg",
            "aws_subnet.autoscaling_ws_sub_1",
            "aws_vpc.terra_autoscalingwebserver_vpc"
          ]
        }
      ]
    },
    {
      "mode": "managed",
      "type": "aws_lb",
      "name": "terra_alb",
      "provider": "provider[\"registry.terraform.io/hashicorp/aws\"]",
      "instances": [
        {
          "schema_version": 0,
          "attributes": {
            "access_logs": [
              {
                "bucket": "",
                "enabled": false,
                "prefix": ""
              }
            ],
            "arn": "arn:aws:elasticloadbalancing:ap-south-1:652044033816:loadbalancer/app/terra-alb/a9fea3d7ac2cb385",
            "arn_suffix": "app/terra-alb/a9fea3d7ac2cb385",
            "customer_owned_ipv4_pool": "",
            "desync_mitigation_mode": "defensive",
            "dns_name": "terra-alb-1257348970.ap-south-1.elb.amazonaws.com",
            "drop_invalid_header_fields": false,
            "enable_cross_zone_load_balancing": null,
            "enable_deletion_protection": false,
            "enable_http2": true,
            "enable_waf_fail_open": false,
            "id": "arn:aws:elasticloadbalancing:ap-south-1:652044033816:loadbalancer/app/terra-alb/a9fea3d7ac2cb385",
            "idle_timeout": 60,
            "internal": false,
            "ip_address_type": "ipv4",
            "load_balancer_type": "application",
            "name": "terra-alb",
            "name_prefix": null,
            "security_groups": [
              "sg-049280ea72a799ab8"
            ],
            "subnet_mapping": [
              {
                "allocation_id": "",
                "ipv6_address": "",
                "outpost_id": "",
                "private_ipv4_address": "",
                "subnet_id": "subnet-0d44d377b085357bc"
              },
              {
                "allocation_id": "",
                "ipv6_address": "",
                "outpost_id": "",
                "private_ipv4_address": "",
                "subnet_id": "subnet-0eac8e4a31bf02c5f"
              }
            ],
            "subnets": [
              "subnet-0d44d377b085357bc",
              "subnet-0eac8e4a31bf02c5f"
            ],
            "tags": {
              "Name": "Terra ALB"
            },
            "tags_all": {
              "Name": "Terra ALB"
            },
            "timeouts": null,
            "vpc_id": "vpc-0eebb0794747f4daf",
            "zone_id": "ZP97RAFLXTNZK"
          },
          "sensitive_attributes": [],
          "private": "eyJlMmJmYjczMC1lY2FhLTExZTYtOGY4OC0zNDM2M2JjN2M0YzAiOnsiY3JlYXRlIjo2MDAwMDAwMDAwMDAsImRlbGV0ZSI6NjAwMDAwMDAwMDAwLCJ1cGRhdGUiOjYwMDAwMDAwMDAwMH19",
          "dependencies": [
            "aws_security_group.terra_alb_http",
            "aws_subnet.autoscaling_ws_sub_1",
            "aws_subnet.autoscaling_ws_sub_2",
            "aws_vpc.terra_autoscalingwebserver_vpc"
          ]
        }
      ]
    },
    {
      "mode": "managed",
      "type": "aws_lb_listener",
      "name": "terra_alb_listener",
      "provider": "provider[\"registry.terraform.io/hashicorp/aws\"]",
      "instances": [
        {
          "schema_version": 0,
          "attributes": {
            "alpn_policy": null,
            "arn": "arn:aws:elasticloadbalancing:ap-south-1:652044033816:listener/app/terra-alb/a9fea3d7ac2cb385/c6bcbcaf690131a3",
            "certificate_arn": null,
            "default_action": [
              {
                "authenticate_cognito": [],
                "authenticate_oidc": [],
                "fixed_response": [],
                "forward": [],
                "order": 1,
                "redirect": [],
                "target_group_arn": "arn:aws:elasticloadbalancing:ap-south-1:652044033816:targetgroup/terra-alb-target-grp/239384c474f7df8f",
                "type": "forward"
              }
            ],
            "id": "arn:aws:elasticloadbalancing:ap-south-1:652044033816:listener/app/terra-alb/a9fea3d7ac2cb385/c6bcbcaf690131a3",
            "load_balancer_arn": "arn:aws:elasticloadbalancing:ap-south-1:652044033816:loadbalancer/app/terra-alb/a9fea3d7ac2cb385",
            "port": 80,
            "protocol": "HTTP",
            "ssl_policy": "",
            "tags": null,
            "tags_all": {},
            "timeouts": null
          },
          "sensitive_attributes": [],
          "private": "eyJlMmJmYjczMC1lY2FhLTExZTYtOGY4OC0zNDM2M2JjN2M0YzAiOnsicmVhZCI6NjAwMDAwMDAwMDAwfX0=",
          "dependencies": [
            "aws_lb.terra_alb",
            "aws_lb_target_group.terra_alb_target_grp",
            "aws_security_group.terra_alb_http",
            "aws_subnet.autoscaling_ws_sub_1",
            "aws_subnet.autoscaling_ws_sub_2",
            "aws_vpc.terra_autoscalingwebserver_vpc"
          ]
        }
      ]
    },
    {
      "mode": "managed",
      "type": "aws_lb_target_group",
      "name": "terra_alb_target_grp",
      "provider": "provider[\"registry.terraform.io/hashicorp/aws\"]",
      "instances": [
        {
          "schema_version": 0,
          "attributes": {
            "arn": "arn:aws:elasticloadbalancing:ap-south-1:652044033816:targetgroup/terra-alb-target-grp/239384c474f7df8f",
            "arn_suffix": "targetgroup/terra-alb-target-grp/239384c474f7df8f",
            "connection_termination": false,
            "deregistration_delay": "300",
            "health_check": [
              {
                "enabled": true,
                "healthy_threshold": 5,
                "interval": 30,
                "matcher": "200",
                "path": "/",
                "port": "traffic-port",
                "protocol": "HTTP",
                "timeout": 5,
                "unhealthy_threshold": 2
              }
            ],
            "id": "arn:aws:elasticloadbalancing:ap-south-1:652044033816:targetgroup/terra-alb-target-grp/239384c474f7df8f",
            "lambda_multi_value_headers_enabled": false,
            "load_balancing_algorithm_type": "round_robin",
            "name": "terra-alb-target-grp",
            "name_prefix": null,
            "port": 80,
            "preserve_client_ip": null,
            "protocol": "HTTP",
            "protocol_version": "HTTP1",
            "proxy_protocol_v2": false,
            "slow_start": 0,
            "stickiness": [
              {
                "cookie_duration": 86400,
                "cookie_name": "",
                "enabled": false,
                "type": "lb_cookie"
              }
            ],
            "tags": null,
            "tags_all": {},
            "target_type": "instance",
            "vpc_id": "vpc-0eebb0794747f4daf"
          },
          "sensitive_attributes": [],
          "private": "bnVsbA==",
          "dependencies": [
            "aws_vpc.terra_autoscalingwebserver_vpc"
          ]
        }
      ]
    },
    {
      "mode": "managed",
      "type": "aws_route_table",
      "name": "terra_VPC_routetble",
      "provider": "provider[\"registry.terraform.io/hashicorp/aws\"]",
      "instances": [
        {
          "schema_version": 0,
          "attributes": {
            "arn": "arn:aws:ec2:ap-south-1:652044033816:route-table/rtb-0dfb05dd31bfb6229",
            "id": "rtb-0dfb05dd31bfb6229",
            "owner_id": "652044033816",
            "propagating_vgws": [],
            "route": [
              {
                "carrier_gateway_id": "",
                "cidr_block": "0.0.0.0/0",
                "core_network_arn": "",
                "destination_prefix_list_id": "",
                "egress_only_gateway_id": "",
                "gateway_id": "igw-0957c88b02785fedc",
                "instance_id": "",
                "ipv6_cidr_block": "",
                "local_gateway_id": "",
                "nat_gateway_id": "",
                "network_interface_id": "",
                "transit_gateway_id": "",
                "vpc_endpoint_id": "",
                "vpc_peering_connection_id": ""
              }
            ],
            "tags": {
              "Name": "Custom Public Subnet in terra VPC"
            },
            "tags_all": {
              "Name": "Custom Public Subnet in terra VPC"
            },
            "timeouts": null,
            "vpc_id": "vpc-0eebb0794747f4daf"
          },
          "sensitive_attributes": [],
          "private": "eyJlMmJmYjczMC1lY2FhLTExZTYtOGY4OC0zNDM2M2JjN2M0YzAiOnsiY3JlYXRlIjozMDAwMDAwMDAwMDAsImRlbGV0ZSI6MzAwMDAwMDAwMDAwLCJ1cGRhdGUiOjEyMDAwMDAwMDAwMH19",
          "dependencies": [
            "aws_internet_gateway.autoscaling_igw",
            "aws_vpc.terra_autoscalingwebserver_vpc"
          ]
        }
      ]
    },
    {
      "mode": "managed",
      "type": "aws_route_table_association",
      "name": "public_vpc_subnet_1a",
      "provider": "provider[\"registry.terraform.io/hashicorp/aws\"]",
      "instances": [
        {
          "schema_version": 0,
          "attributes": {
            "gateway_id": "",
            "id": "rtbassoc-073375bca179f7c52",
            "route_table_id": "rtb-0dfb05dd31bfb6229",
            "subnet_id": "subnet-0eac8e4a31bf02c5f"
          },
          "sensitive_attributes": [],
          "private": "bnVsbA==",
          "dependencies": [
            "aws_internet_gateway.autoscaling_igw",
            "aws_route_table.terra_VPC_routetble",
            "aws_subnet.autoscaling_ws_sub_1",
            "aws_vpc.terra_autoscalingwebserver_vpc"
          ]
        }
      ]
    },
    {
      "mode": "managed",
      "type": "aws_route_table_association",
      "name": "public_vpc_subnet_1b",
      "provider": "provider[\"registry.terraform.io/hashicorp/aws\"]",
      "instances": [
        {
          "schema_version": 0,
          "attributes": {
            "gateway_id": "",
            "id": "rtbassoc-003d8e6d2acb562ff",
            "route_table_id": "rtb-0dfb05dd31bfb6229",
            "subnet_id": "subnet-0d44d377b085357bc"
          },
          "sensitive_attributes": [],
          "private": "bnVsbA==",
          "dependencies": [
            "aws_internet_gateway.autoscaling_igw",
            "aws_route_table.terra_VPC_routetble",
            "aws_subnet.autoscaling_ws_sub_2",
            "aws_vpc.terra_autoscalingwebserver_vpc"
          ]
        }
      ]
    },
    {
      "mode": "managed",
      "type": "aws_security_group",
      "name": "terra_alb_http",
      "provider": "provider[\"registry.terraform.io/hashicorp/aws\"]",
      "instances": [
        {
          "schema_version": 1,
          "attributes": {
            "arn": "arn:aws:ec2:ap-south-1:652044033816:security-group/sg-049280ea72a799ab8",
            "description": "Managed by Terraform",
            "egress": [
              {
                "cidr_blocks": [
                  "0.0.0.0/0"
                ],
                "description": "",
                "from_port": 0,
                "ipv6_cidr_blocks": [],
                "prefix_list_ids": [],
                "protocol": "-1",
                "security_groups": [],
                "self": false,
                "to_port": 0
              }
            ],
            "id": "sg-049280ea72a799ab8",
            "ingress": [
              {
                "cidr_blocks": [
                  "0.0.0.0/0"
                ],
                "description": "",
                "from_port": 80,
                "ipv6_cidr_blocks": [],
                "prefix_list_ids": [],
                "protocol": "tcp",
                "security_groups": [],
                "self": false,
                "to_port": 80
              }
            ],
            "name": "terra_alb_http",
            "name_prefix": "",
            "owner_id": "652044033816",
            "revoke_rules_on_delete": false,
            "tags": {
              "Name": "Only HTTP inbound \u0026 ALL protocols outbound"
            },
            "tags_all": {
              "Name": "Only HTTP inbound \u0026 ALL protocols outbound"
            },
            "timeouts": null,
            "vpc_id": "vpc-0eebb0794747f4daf"
          },
          "sensitive_attributes": [],
          "private": "eyJlMmJmYjczMC1lY2FhLTExZTYtOGY4OC0zNDM2M2JjN2M0YzAiOnsiY3JlYXRlIjo2MDAwMDAwMDAwMDAsImRlbGV0ZSI6OTAwMDAwMDAwMDAwfSwic2NoZW1hX3ZlcnNpb24iOiIxIn0=",
          "dependencies": [
            "aws_vpc.terra_autoscalingwebserver_vpc"
          ]
        }
      ]
    },
    {
      "mode": "managed",
      "type": "aws_security_group",
      "name": "terra_sg",
      "provider": "provider[\"registry.terraform.io/hashicorp/aws\"]",
      "instances": [
        {
          "schema_version": 1,
          "attributes": {
            "arn": "arn:aws:ec2:ap-south-1:652044033816:security-group/sg-04a6ab354c2177460",
            "description": "Allow http connection",
            "egress": [
              {
                "cidr_blocks": [
                  "0.0.0.0/0"
                ],
                "description": "",
                "from_port": 0,
                "ipv6_cidr_blocks": [],
                "prefix_list_ids": [],
                "protocol": "-1",
                "security_groups": [],
                "self": false,
                "to_port": 0
              }
            ],
            "id": "sg-04a6ab354c2177460",
            "ingress": [
              {
                "cidr_blocks": [
                  "0.0.0.0/0"
                ],
                "description": "HTTP connection inbound",
                "from_port": 80,
                "ipv6_cidr_blocks": [],
                "prefix_list_ids": [],
                "protocol": "tcp",
                "security_groups": [],
                "self": false,
                "to_port": 80
              },
              {
                "cidr_blocks": [
                  "0.0.0.0/0"
                ],
                "description": "SSH connection inbound",
                "from_port": 22,
                "ipv6_cidr_blocks": [],
                "prefix_list_ids": [],
                "protocol": "tcp",
                "security_groups": [],
                "self": false,
                "to_port": 22
              }
            ],
            "name": "terra_sg",
            "name_prefix": "",
            "owner_id": "652044033816",
            "revoke_rules_on_delete": false,
            "tags": {
              "Name": "terra_sg"
            },
            "tags_all": {
              "Name": "terra_sg"
            },
            "timeouts": null,
            "vpc_id": "vpc-0eebb0794747f4daf"
          },
          "sensitive_attributes": [],
          "private": "eyJlMmJmYjczMC1lY2FhLTExZTYtOGY4OC0zNDM2M2JjN2M0YzAiOnsiY3JlYXRlIjo2MDAwMDAwMDAwMDAsImRlbGV0ZSI6OTAwMDAwMDAwMDAwfSwic2NoZW1hX3ZlcnNpb24iOiIxIn0=",
          "dependencies": [
            "aws_vpc.terra_autoscalingwebserver_vpc"
          ]
        }
      ]
    },
    {
      "mode": "managed",
      "type": "aws_subnet",
      "name": "autoscaling_ws_sub_1",
      "provider": "provider[\"registry.terraform.io/hashicorp/aws\"]",
      "instances": [
        {
          "schema_version": 1,
          "attributes": {
            "arn": "arn:aws:ec2:ap-south-1:652044033816:subnet/subnet-0eac8e4a31bf02c5f",
            "assign_ipv6_address_on_creation": false,
            "availability_zone": "ap-south-1a",
            "availability_zone_id": "aps1-az1",
            "cidr_block": "11.0.0.0/25",
            "customer_owned_ipv4_pool": "",
            "enable_dns64": false,
            "enable_resource_name_dns_a_record_on_launch": false,
            "enable_resource_name_dns_aaaa_record_on_launch": false,
            "id": "subnet-0eac8e4a31bf02c5f",
            "ipv6_cidr_block": "",
            "ipv6_cidr_block_association_id": "",
            "ipv6_native": false,
            "map_customer_owned_ip_on_launch": false,
            "map_public_ip_on_launch": false,
            "outpost_arn": "",
            "owner_id": "652044033816",
            "private_dns_hostname_type_on_launch": "ip-name",
            "tags": {
              "Name": "AutoScalingWebserver subnet 1"
            },
            "tags_all": {
              "Name": "AutoScalingWebserver subnet 1"
            },
            "timeouts": null,
            "vpc_id": "vpc-0eebb0794747f4daf"
          },
          "sensitive_attributes": [],
          "private": "eyJlMmJmYjczMC1lY2FhLTExZTYtOGY4OC0zNDM2M2JjN2M0YzAiOnsiY3JlYXRlIjo2MDAwMDAwMDAwMDAsImRlbGV0ZSI6MTIwMDAwMDAwMDAwMH0sInNjaGVtYV92ZXJzaW9uIjoiMSJ9",
          "dependencies": [
            "aws_vpc.terra_autoscalingwebserver_vpc"
          ]
        }
      ]
    },
    {
      "mode": "managed",
      "type": "aws_subnet",
      "name": "autoscaling_ws_sub_2",
      "provider": "provider[\"registry.terraform.io/hashicorp/aws\"]",
      "instances": [
        {
          "schema_version": 1,
          "attributes": {
            "arn": "arn:aws:ec2:ap-south-1:652044033816:subnet/subnet-0d44d377b085357bc",
            "assign_ipv6_address_on_creation": false,
            "availability_zone": "ap-south-1b",
            "availability_zone_id": "aps1-az3",
            "cidr_block": "11.0.0.128/25",
            "customer_owned_ipv4_pool": "",
            "enable_dns64": false,
            "enable_resource_name_dns_a_record_on_launch": false,
            "enable_resource_name_dns_aaaa_record_on_launch": false,
            "id": "subnet-0d44d377b085357bc",
            "ipv6_cidr_block": "",
            "ipv6_cidr_block_association_id": "",
            "ipv6_native": false,
            "map_customer_owned_ip_on_launch": false,
            "map_public_ip_on_launch": false,
            "outpost_arn": "",
            "owner_id": "652044033816",
            "private_dns_hostname_type_on_launch": "ip-name",
            "tags": {
              "Name": "AutoScalingWebserver subnet 2"
            },
            "tags_all": {
              "Name": "AutoScalingWebserver subnet 2"
            },
            "timeouts": null,
            "vpc_id": "vpc-0eebb0794747f4daf"
          },
          "sensitive_attributes": [],
          "private": "eyJlMmJmYjczMC1lY2FhLTExZTYtOGY4OC0zNDM2M2JjN2M0YzAiOnsiY3JlYXRlIjo2MDAwMDAwMDAwMDAsImRlbGV0ZSI6MTIwMDAwMDAwMDAwMH0sInNjaGVtYV92ZXJzaW9uIjoiMSJ9",
          "dependencies": [
            "aws_vpc.terra_autoscalingwebserver_vpc"
          ]
        }
      ]
    },
    {
      "mode": "managed",
      "type": "aws_vpc",
      "name": "terra_autoscalingwebserver_vpc",
      "provider": "provider[\"registry.terraform.io/hashicorp/aws\"]",
      "instances": [
        {
          "schema_version": 1,
          "attributes": {
            "arn": "arn:aws:ec2:ap-south-1:652044033816:vpc/vpc-0eebb0794747f4daf",
            "assign_generated_ipv6_cidr_block": false,
            "cidr_block": "11.0.0.0/24",
            "default_network_acl_id": "acl-047af9123c9753bff",
            "default_route_table_id": "rtb-02bcf13d100e51490",
            "default_security_group_id": "sg-0f62bb1fec54e1af8",
            "dhcp_options_id": "dopt-046d3a0342aa6bb3c",
            "enable_classiclink": false,
            "enable_classiclink_dns_support": false,
            "enable_dns_hostnames": false,
            "enable_dns_support": true,
            "id": "vpc-0eebb0794747f4daf",
            "instance_tenancy": "default",
            "ipv4_ipam_pool_id": null,
            "ipv4_netmask_length": null,
            "ipv6_association_id": "",
            "ipv6_cidr_block": "",
            "ipv6_cidr_block_network_border_group": "",
            "ipv6_ipam_pool_id": "",
            "ipv6_netmask_length": 0,
            "main_route_table_id": "rtb-02bcf13d100e51490",
            "owner_id": "652044033816",
            "tags": {
              "Name": "Terra Auto Scaling Webserver"
            },
            "tags_all": {
              "Name": "Terra Auto Scaling Webserver"
            }
          },
          "sensitive_attributes": [],
          "private": "eyJzY2hlbWFfdmVyc2lvbiI6IjEifQ=="
        }
      ]
    }
  ]
}
